
Microsoft Visual Studio Solution File, Format Version 12.00
# Visual Studio Version 17
VisualStudioVersion = 17.10.35013.160
MinimumVisualStudioVersion = 10.0.40219.1
Project("{9A19103F-16F7-4668-BE54-9A1E7A4F7556}") = "WebCamApp.Server", "WebCamApp.Server\WebCamApp.Server.csproj", "{CD3A1B7B-D8D5-4A94-B9CC-AF305CA106F4}"
EndProject
Project("{9A19103F-16F7-4668-BE54-9A1E7A4F7556}") = "DetectionTest", "DetectionTest\DetectionTest.csproj", "{B193EEBE-9BD3-4613-B3E9-E1F457FF85F8}"
EndProject
Project("{54A90642-561A-4BB1-A94E-469ADEE60C69}") = "webcam-react-frontend", "webcam-react-frontend\webcam-react-frontend.esproj", "{A1BC97A9-72D0-4464-BB01-B12FB00DDCDD}"
EndProject
Global
	GlobalSection(SolutionConfigurationPlatforms) = preSolution
		Debug|Any CPU = Debug|Any CPU
		Debug|x64 = Debug|x64
		Debug|x86 = Debug|x86
		Release|Any CPU = Release|Any CPU
		Release|x64 = Release|x64
		Release|x86 = Release|x86
	EndGlobalSection
	GlobalSection(ProjectConfigurationPlatforms) = postSolution
		{CD3A1B7B-D8D5-4A94-B9CC-AF305CA106F4}.Debug|Any CPU.ActiveCfg = Debug|Any CPU
		{CD3A1B7B-D8D5-4A94-B9CC-AF305CA106F4}.Debug|Any CPU.Build.0 = Debug|Any CPU
		{CD3A1B7B-D8D5-4A94-B9CC-AF305CA106F4}.Debug|x64.ActiveCfg = Debug|Any CPU
		{CD3A1B7B-D8D5-4A94-B9CC-AF305CA106F4}.Debug|x64.Build.0 = Debug|Any CPU
		{CD3A1B7B-D8D5-4A94-B9CC-AF305CA106F4}.Debug|x86.ActiveCfg = Debug|Any CPU
		{CD3A1B7B-D8D5-4A94-B9CC-AF305CA106F4}.Debug|x86.Build.0 = Debug|Any CPU
		{CD3A1B7B-D8D5-4A94-B9CC-AF305CA106F4}.Release|Any CPU.ActiveCfg = Release|Any CPU
		{CD3A1B7B-D8D5-4A94-B9CC-AF305CA106F4}.Release|Any CPU.Build.0 = Release|Any CPU
		{CD3A1B7B-D8D5-4A94-B9CC-AF305CA106F4}.Release|x64.ActiveCfg = Release|Any CPU
		{CD3A1B7B-D8D5-4A94-B9CC-AF305CA106F4}.Release|x64.Build.0 = Release|Any CPU
		{CD3A1B7B-D8D5-4A94-B9CC-AF305CA106F4}.Release|x86.ActiveCfg = Release|Any CPU
		{CD3A1B7B-D8D5-4A94-B9CC-AF305CA106F4}.Release|x86.Build.0 = Release|Any CPU
		{B193EEBE-9BD3-4613-B3E9-E1F457FF85F8}.Debug|Any CPU.ActiveCfg = Debug|Any CPU
		{B193EEBE-9BD3-4613-B3E9-E1F457FF85F8}.Debug|Any CPU.Build.0 = Debug|Any CPU
		{B193EEBE-9BD3-4613-B3E9-E1F457FF85F8}.Debug|x64.ActiveCfg = Debug|Any CPU
		{B193EEBE-9BD3-4613-B3E9-E1F457FF85F8}.Debug|x64.Build.0 = Debug|Any CPU
		{B193EEBE-9BD3-4613-B3E9-E1F457FF85F8}.Debug|x86.ActiveCfg = Debug|Any CPU
		{B193EEBE-9BD3-4613-B3E9-E1F457FF85F8}.Debug|x86.Build.0 = Debug|Any CPU
		{B193EEBE-9BD3-4613-B3E9-E1F457FF85F8}.Release|Any CPU.ActiveCfg = Release|Any CPU
		{B193EEBE-9BD3-4613-B3E9-E1F457FF85F8}.Release|Any CPU.Build.0 = Release|Any CPU
		{B193EEBE-9BD3-4613-B3E9-E1F457FF85F8}.Release|x64.ActiveCfg = Release|Any CPU
		{B193EEBE-9BD3-4613-B3E9-E1F457FF85F8}.Release|x64.Build.0 = Release|Any CPU
		{B193EEBE-9BD3-4613-B3E9-E1F457FF85F8}.Release|x86.ActiveCfg = Release|Any CPU
		{B193EEBE-9BD3-4613-B3E9-E1F457FF85F8}.Release|x86.Build.0 = Release|Any CPU
		{A1BC97A9-72D0-4464-BB01-B12FB00DDCDD}.Debug|Any CPU.ActiveCfg = Debug|Any CPU
		{A1BC97A9-72D0-4464-BB01-B12FB00DDCDD}.Debug|Any CPU.Build.0 = Debug|Any CPU
		{A1BC97A9-72D0-4464-BB01-B12FB00DDCDD}.Debug|Any CPU.Deploy.0 = Debug|Any CPU
		{A1BC97A9-72D0-4464-BB01-B12FB00DDCDD}.Debug|x64.ActiveCfg = Debug|Any CPU
		{A1BC97A9-72D0-4464-BB01-B12FB00DDCDD}.Debug|x64.Build.0 = Debug|Any CPU
		{A1BC97A9-72D0-4464-BB01-B12FB00DDCDD}.Debug|x64.Deploy.0 = Debug|Any CPU
		{A1BC97A9-72D0-4464-BB01-B12FB00DDCDD}.Debug|x86.ActiveCfg = Debug|Any CPU
		{A1BC97A9-72D0-4464-BB01-B12FB00DDCDD}.Debug|x86.Build.0 = Debug|Any CPU
		{A1BC97A9-72D0-4464-BB01-B12FB00DDCDD}.Debug|x86.Deploy.0 = Debug|Any CPU
		{A1BC97A9-72D0-4464-BB01-B12FB00DDCDD}.Release|Any CPU.ActiveCfg = Release|Any CPU
		{A1BC97A9-72D0-4464-BB01-B12FB00DDCDD}.Release|Any CPU.Build.0 = Release|Any CPU
		{A1BC97A9-72D0-4464-BB01-B12FB00DDCDD}.Release|Any CPU.Deploy.0 = Release|Any CPU
		{A1BC97A9-72D0-4464-BB01-B12FB00DDCDD}.Release|x64.ActiveCfg = Release|Any CPU
		{A1BC97A9-72D0-4464-BB01-B12FB00DDCDD}.Release|x64.Build.0 = Release|Any CPU
		{A1BC97A9-72D0-4464-BB01-B12FB00DDCDD}.Release|x64.Deploy.0 = Release|Any CPU
		{A1BC97A9-72D0-4464-BB01-B12FB00DDCDD}.Release|x86.ActiveCfg = Release|Any CPU
		{A1BC97A9-72D0-4464-BB01-B12FB00DDCDD}.Release|x86.Build.0 = Release|Any CPU
		{A1BC97A9-72D0-4464-BB01-B12FB00DDCDD}.Release|x86.Deploy.0 = Release|Any CPU
	EndGlobalSection
	GlobalSection(SolutionProperties) = preSolution
		HideSolutionNode = FALSE
	EndGlobalSection
	GlobalSection(ExtensibilityGlobals) = postSolution
		SolutionGuid = {032A1F7B-CD12-4664-8D0A-E1FC84F9E6A0}
	EndGlobalSection
EndGlobal
